// !$*UTF8*$!
{
	archiveVersion = 1;
	classes = {
	};
	objectVersion = 56;
	objects = {

/* Begin PBXBuildFile section */
		99123C6628F6CAB30097C4E2 /* CoreDataRelationshipsBootcamp.swift in Sources */ = {isa = PBXBuildFile; fileRef = 99123C6528F6CAB30097C4E2 /* CoreDataRelationshipsBootcamp.swift */; };
		99123C6928F6CC0A0097C4E2 /* CoreDataContainer.xcdatamodeld in Sources */ = {isa = PBXBuildFile; fileRef = 99123C6728F6CC0A0097C4E2 /* CoreDataContainer.xcdatamodeld */; };
		9914995528EC0D4E0025B7B4 /* HapticsBootcamp.swift in Sources */ = {isa = PBXBuildFile; fileRef = 9914995428EC0D4E0025B7B4 /* HapticsBootcamp.swift */; };
		99BC8A9528DDA7B00086EC63 /* MagnificationGestureBootcamp.swift in Sources */ = {isa = PBXBuildFile; fileRef = 99BC8A9428DDA7B00086EC63 /* MagnificationGestureBootcamp.swift */; };
		99BC8A9728DDA9DA0086EC63 /* RotationGestureBootcamp.swift in Sources */ = {isa = PBXBuildFile; fileRef = 99BC8A9628DDA9DA0086EC63 /* RotationGestureBootcamp.swift */; };
		99BC8A9928DDAAD50086EC63 /* DragGestureBootcamp.swift in Sources */ = {isa = PBXBuildFile; fileRef = 99BC8A9828DDAAD50086EC63 /* DragGestureBootcamp.swift */; };
		99BC8A9B28DDB4E10086EC63 /* DragGestureBootcamp2.swift in Sources */ = {isa = PBXBuildFile; fileRef = 99BC8A9A28DDB4E10086EC63 /* DragGestureBootcamp2.swift */; };
		99BC8A9D28DDB9B10086EC63 /* ScrollViewReaderBootcamp.swift in Sources */ = {isa = PBXBuildFile; fileRef = 99BC8A9C28DDB9B10086EC63 /* ScrollViewReaderBootcamp.swift */; };
		99BC8A9F28DDBE980086EC63 /* GeometryReaderBootcamp.swift in Sources */ = {isa = PBXBuildFile; fileRef = 99BC8A9E28DDBE980086EC63 /* GeometryReaderBootcamp.swift */; };
		99BC8AA128E15AA30086EC63 /* MultipleSheetsBootcamp.swift in Sources */ = {isa = PBXBuildFile; fileRef = 99BC8AA028E15AA30086EC63 /* MultipleSheetsBootcamp.swift */; };
		99BC8AA328E15CFA0086EC63 /* MaskBootcamp.swift in Sources */ = {isa = PBXBuildFile; fileRef = 99BC8AA228E15CFA0086EC63 /* MaskBootcamp.swift */; };
		99BC8AA528E15F1B0086EC63 /* SoundsBootcamp.swift in Sources */ = {isa = PBXBuildFile; fileRef = 99BC8AA428E15F1B0086EC63 /* SoundsBootcamp.swift */; };
		99C70E0228D87A6B000AE94F /* ContinuedLearningApp.swift in Sources */ = {isa = PBXBuildFile; fileRef = 99C70E0128D87A6B000AE94F /* ContinuedLearningApp.swift */; };
		99C70E0428D87A6B000AE94F /* ContentView.swift in Sources */ = {isa = PBXBuildFile; fileRef = 99C70E0328D87A6B000AE94F /* ContentView.swift */; };
		99C70E0628D87A6C000AE94F /* Assets.xcassets in Resources */ = {isa = PBXBuildFile; fileRef = 99C70E0528D87A6C000AE94F /* Assets.xcassets */; };
		99C70E0928D87A6C000AE94F /* Preview Assets.xcassets in Resources */ = {isa = PBXBuildFile; fileRef = 99C70E0828D87A6C000AE94F /* Preview Assets.xcassets */; };
		99C70E1328D87A6C000AE94F /* ContinuedLearningTests.swift in Sources */ = {isa = PBXBuildFile; fileRef = 99C70E1228D87A6C000AE94F /* ContinuedLearningTests.swift */; };
		99C70E1D28D87A6D000AE94F /* ContinuedLearningUITests.swift in Sources */ = {isa = PBXBuildFile; fileRef = 99C70E1C28D87A6D000AE94F /* ContinuedLearningUITests.swift */; };
		99C70E1F28D87A6D000AE94F /* ContinuedLearningUITestsLaunchTests.swift in Sources */ = {isa = PBXBuildFile; fileRef = 99C70E1E28D87A6D000AE94F /* ContinuedLearningUITestsLaunchTests.swift */; };
		99C70E2C28D87A90000AE94F /* LongPressGestureBootcamp.swift in Sources */ = {isa = PBXBuildFile; fileRef = 99C70E2B28D87A90000AE94F /* LongPressGestureBootcamp.swift */; };
		99E57B3328ED343D005EDBD7 /* LocalNotificationBootcamp.swift in Sources */ = {isa = PBXBuildFile; fileRef = 99E57B3228ED343D005EDBD7 /* LocalNotificationBootcamp.swift */; };
		99E57B3528ED6AEC005EDBD7 /* HashableBootcamp.swift in Sources */ = {isa = PBXBuildFile; fileRef = 99E57B3428ED6AEC005EDBD7 /* HashableBootcamp.swift */; };
		99E57B3728ED6D38005EDBD7 /* ArraysBootcamp.swift in Sources */ = {isa = PBXBuildFile; fileRef = 99E57B3628ED6D38005EDBD7 /* ArraysBootcamp.swift */; };
		99E57B3928ED774C005EDBD7 /* CoreDataBootcamp.swift in Sources */ = {isa = PBXBuildFile; fileRef = 99E57B3828ED774C005EDBD7 /* CoreDataBootcamp.swift */; };
		99E6A3F629000416009A2E86 /* BackgroundThreadBootcamp.swift in Sources */ = {isa = PBXBuildFile; fileRef = 99E6A3F529000416009A2E86 /* BackgroundThreadBootcamp.swift */; };
		99E6A3F8290008DB009A2E86 /* WeakSelfBootcamp.swift in Sources */ = {isa = PBXBuildFile; fileRef = 99E6A3F7290008DB009A2E86 /* WeakSelfBootcamp.swift */; };
		99E6A3FA29000C7D009A2E86 /* TypealiasBootcamp.swift in Sources */ = {isa = PBXBuildFile; fileRef = 99E6A3F929000C7D009A2E86 /* TypealiasBootcamp.swift */; };
		99E6A3FC29000F3A009A2E86 /* EscapingBootcamp.swift in Sources */ = {isa = PBXBuildFile; fileRef = 99E6A3FB29000F3A009A2E86 /* EscapingBootcamp.swift */; };
/* End PBXBuildFile section */

/* Begin PBXContainerItemProxy section */
		99C70E0F28D87A6C000AE94F /* PBXContainerItemProxy */ = {
			isa = PBXContainerItemProxy;
			containerPortal = 99C70DF628D87A6B000AE94F /* Project object */;
			proxyType = 1;
			remoteGlobalIDString = 99C70DFD28D87A6B000AE94F;
			remoteInfo = ContinuedLearning;
		};
		99C70E1928D87A6D000AE94F /* PBXContainerItemProxy */ = {
			isa = PBXContainerItemProxy;
			containerPortal = 99C70DF628D87A6B000AE94F /* Project object */;
			proxyType = 1;
			remoteGlobalIDString = 99C70DFD28D87A6B000AE94F;
			remoteInfo = ContinuedLearning;
		};
/* End PBXContainerItemProxy section */

/* Begin PBXFileReference section */
		99123C6528F6CAB30097C4E2 /* CoreDataRelationshipsBootcamp.swift */ = {isa = PBXFileReference; lastKnownFileType = sourcecode.swift; path = CoreDataRelationshipsBootcamp.swift; sourceTree = "<group>"; };
		99123C6828F6CC0A0097C4E2 /* CoreDataContainer.xcdatamodel */ = {isa = PBXFileReference; lastKnownFileType = wrapper.xcdatamodel; path = CoreDataContainer.xcdatamodel; sourceTree = "<group>"; };
		9914995428EC0D4E0025B7B4 /* HapticsBootcamp.swift */ = {isa = PBXFileReference; lastKnownFileType = sourcecode.swift; path = HapticsBootcamp.swift; sourceTree = "<group>"; };
		99BC8A9428DDA7B00086EC63 /* MagnificationGestureBootcamp.swift */ = {isa = PBXFileReference; lastKnownFileType = sourcecode.swift; path = MagnificationGestureBootcamp.swift; sourceTree = "<group>"; };
		99BC8A9628DDA9DA0086EC63 /* RotationGestureBootcamp.swift */ = {isa = PBXFileReference; lastKnownFileType = sourcecode.swift; path = RotationGestureBootcamp.swift; sourceTree = "<group>"; };
		99BC8A9828DDAAD50086EC63 /* DragGestureBootcamp.swift */ = {isa = PBXFileReference; lastKnownFileType = sourcecode.swift; path = DragGestureBootcamp.swift; sourceTree = "<group>"; };
		99BC8A9A28DDB4E10086EC63 /* DragGestureBootcamp2.swift */ = {isa = PBXFileReference; lastKnownFileType = sourcecode.swift; path = DragGestureBootcamp2.swift; sourceTree = "<group>"; };
		99BC8A9C28DDB9B10086EC63 /* ScrollViewReaderBootcamp.swift */ = {isa = PBXFileReference; lastKnownFileType = sourcecode.swift; path = ScrollViewReaderBootcamp.swift; sourceTree = "<group>"; };
		99BC8A9E28DDBE980086EC63 /* GeometryReaderBootcamp.swift */ = {isa = PBXFileReference; lastKnownFileType = sourcecode.swift; path = GeometryReaderBootcamp.swift; sourceTree = "<group>"; };
		99BC8AA028E15AA30086EC63 /* MultipleSheetsBootcamp.swift */ = {isa = PBXFileReference; lastKnownFileType = sourcecode.swift; path = MultipleSheetsBootcamp.swift; sourceTree = "<group>"; };
		99BC8AA228E15CFA0086EC63 /* MaskBootcamp.swift */ = {isa = PBXFileReference; lastKnownFileType = sourcecode.swift; path = MaskBootcamp.swift; sourceTree = "<group>"; };
		99BC8AA428E15F1B0086EC63 /* SoundsBootcamp.swift */ = {isa = PBXFileReference; lastKnownFileType = sourcecode.swift; path = SoundsBootcamp.swift; sourceTree = "<group>"; };
		99C70DFE28D87A6B000AE94F /* ContinuedLearning.app */ = {isa = PBXFileReference; explicitFileType = wrapper.application; includeInIndex = 0; path = ContinuedLearning.app; sourceTree = BUILT_PRODUCTS_DIR; };
		99C70E0128D87A6B000AE94F /* ContinuedLearningApp.swift */ = {isa = PBXFileReference; lastKnownFileType = sourcecode.swift; path = ContinuedLearningApp.swift; sourceTree = "<group>"; };
		99C70E0328D87A6B000AE94F /* ContentView.swift */ = {isa = PBXFileReference; lastKnownFileType = sourcecode.swift; path = ContentView.swift; sourceTree = "<group>"; };
		99C70E0528D87A6C000AE94F /* Assets.xcassets */ = {isa = PBXFileReference; lastKnownFileType = folder.assetcatalog; path = Assets.xcassets; sourceTree = "<group>"; };
		99C70E0828D87A6C000AE94F /* Preview Assets.xcassets */ = {isa = PBXFileReference; lastKnownFileType = folder.assetcatalog; path = "Preview Assets.xcassets"; sourceTree = "<group>"; };
		99C70E0E28D87A6C000AE94F /* ContinuedLearningTests.xctest */ = {isa = PBXFileReference; explicitFileType = wrapper.cfbundle; includeInIndex = 0; path = ContinuedLearningTests.xctest; sourceTree = BUILT_PRODUCTS_DIR; };
		99C70E1228D87A6C000AE94F /* ContinuedLearningTests.swift */ = {isa = PBXFileReference; lastKnownFileType = sourcecode.swift; path = ContinuedLearningTests.swift; sourceTree = "<group>"; };
		99C70E1828D87A6D000AE94F /* ContinuedLearningUITests.xctest */ = {isa = PBXFileReference; explicitFileType = wrapper.cfbundle; includeInIndex = 0; path = ContinuedLearningUITests.xctest; sourceTree = BUILT_PRODUCTS_DIR; };
		99C70E1C28D87A6D000AE94F /* ContinuedLearningUITests.swift */ = {isa = PBXFileReference; lastKnownFileType = sourcecode.swift; path = ContinuedLearningUITests.swift; sourceTree = "<group>"; };
		99C70E1E28D87A6D000AE94F /* ContinuedLearningUITestsLaunchTests.swift */ = {isa = PBXFileReference; lastKnownFileType = sourcecode.swift; path = ContinuedLearningUITestsLaunchTests.swift; sourceTree = "<group>"; };
		99C70E2B28D87A90000AE94F /* LongPressGestureBootcamp.swift */ = {isa = PBXFileReference; lastKnownFileType = sourcecode.swift; path = LongPressGestureBootcamp.swift; sourceTree = "<group>"; };
		99E57B3228ED343D005EDBD7 /* LocalNotificationBootcamp.swift */ = {isa = PBXFileReference; lastKnownFileType = sourcecode.swift; path = LocalNotificationBootcamp.swift; sourceTree = "<group>"; };
		99E57B3428ED6AEC005EDBD7 /* HashableBootcamp.swift */ = {isa = PBXFileReference; lastKnownFileType = sourcecode.swift; path = HashableBootcamp.swift; sourceTree = "<group>"; };
		99E57B3628ED6D38005EDBD7 /* ArraysBootcamp.swift */ = {isa = PBXFileReference; lastKnownFileType = sourcecode.swift; path = ArraysBootcamp.swift; sourceTree = "<group>"; };
		99E57B3828ED774C005EDBD7 /* CoreDataBootcamp.swift */ = {isa = PBXFileReference; lastKnownFileType = sourcecode.swift; path = CoreDataBootcamp.swift; sourceTree = "<group>"; };
		99E6A3F529000416009A2E86 /* BackgroundThreadBootcamp.swift */ = {isa = PBXFileReference; lastKnownFileType = sourcecode.swift; path = BackgroundThreadBootcamp.swift; sourceTree = "<group>"; };
		99E6A3F7290008DB009A2E86 /* WeakSelfBootcamp.swift */ = {isa = PBXFileReference; lastKnownFileType = sourcecode.swift; path = WeakSelfBootcamp.swift; sourceTree = "<group>"; };
		99E6A3F929000C7D009A2E86 /* TypealiasBootcamp.swift */ = {isa = PBXFileReference; lastKnownFileType = sourcecode.swift; path = TypealiasBootcamp.swift; sourceTree = "<group>"; };
		99E6A3FB29000F3A009A2E86 /* EscapingBootcamp.swift */ = {isa = PBXFileReference; lastKnownFileType = sourcecode.swift; path = EscapingBootcamp.swift; sourceTree = "<group>"; };
/* End PBXFileReference section */

/* Begin PBXFrameworksBuildPhase section */
		99C70DFB28D87A6B000AE94F /* Frameworks */ = {
			isa = PBXFrameworksBuildPhase;
			buildActionMask = 2147483647;
			files = (
			);
			runOnlyForDeploymentPostprocessing = 0;
		};
		99C70E0B28D87A6C000AE94F /* Frameworks */ = {
			isa = PBXFrameworksBuildPhase;
			buildActionMask = 2147483647;
			files = (
			);
			runOnlyForDeploymentPostprocessing = 0;
		};
		99C70E1528D87A6D000AE94F /* Frameworks */ = {
			isa = PBXFrameworksBuildPhase;
			buildActionMask = 2147483647;
			files = (
			);
			runOnlyForDeploymentPostprocessing = 0;
		};
/* End PBXFrameworksBuildPhase section */

/* Begin PBXGroup section */
		99C70DF528D87A6B000AE94F = {
			isa = PBXGroup;
			children = (
				99C70E0028D87A6B000AE94F /* ContinuedLearning */,
				99C70E1128D87A6C000AE94F /* ContinuedLearningTests */,
				99C70E1B28D87A6D000AE94F /* ContinuedLearningUITests */,
				99C70DFF28D87A6B000AE94F /* Products */,
			);
			sourceTree = "<group>";
		};
		99C70DFF28D87A6B000AE94F /* Products */ = {
			isa = PBXGroup;
			children = (
				99C70DFE28D87A6B000AE94F /* ContinuedLearning.app */,
				99C70E0E28D87A6C000AE94F /* ContinuedLearningTests.xctest */,
				99C70E1828D87A6D000AE94F /* ContinuedLearningUITests.xctest */,
			);
			name = Products;
			sourceTree = "<group>";
		};
		99C70E0028D87A6B000AE94F /* ContinuedLearning */ = {
			isa = PBXGroup;
			children = (
				99C70E0128D87A6B000AE94F /* ContinuedLearningApp.swift */,
				99E57B3228ED343D005EDBD7 /* LocalNotificationBootcamp.swift */,
				99E57B3428ED6AEC005EDBD7 /* HashableBootcamp.swift */,
				99E57B3628ED6D38005EDBD7 /* ArraysBootcamp.swift */,
				99E57B3828ED774C005EDBD7 /* CoreDataBootcamp.swift */,
				99C70E0328D87A6B000AE94F /* ContentView.swift */,
				99C70E2B28D87A90000AE94F /* LongPressGestureBootcamp.swift */,
				99C70E0528D87A6C000AE94F /* Assets.xcassets */,
				99C70E0728D87A6C000AE94F /* Preview Content */,
				99BC8A9428DDA7B00086EC63 /* MagnificationGestureBootcamp.swift */,
				99BC8A9628DDA9DA0086EC63 /* RotationGestureBootcamp.swift */,
				99BC8A9828DDAAD50086EC63 /* DragGestureBootcamp.swift */,
				99BC8A9A28DDB4E10086EC63 /* DragGestureBootcamp2.swift */,
				99BC8A9C28DDB9B10086EC63 /* ScrollViewReaderBootcamp.swift */,
				99BC8A9E28DDBE980086EC63 /* GeometryReaderBootcamp.swift */,
				99BC8AA028E15AA30086EC63 /* MultipleSheetsBootcamp.swift */,
				99BC8AA228E15CFA0086EC63 /* MaskBootcamp.swift */,
				99BC8AA428E15F1B0086EC63 /* SoundsBootcamp.swift */,
				9914995428EC0D4E0025B7B4 /* HapticsBootcamp.swift */,
				99E6A3F929000C7D009A2E86 /* TypealiasBootcamp.swift */,
				99E6A3FB29000F3A009A2E86 /* EscapingBootcamp.swift */,
				99123C6528F6CAB30097C4E2 /* CoreDataRelationshipsBootcamp.swift */,
				99123C6728F6CC0A0097C4E2 /* CoreDataContainer.xcdatamodeld */,
				99E6A3F529000416009A2E86 /* BackgroundThreadBootcamp.swift */,
				99E6A3F7290008DB009A2E86 /* WeakSelfBootcamp.swift */,
			);
			path = ContinuedLearning;
			sourceTree = "<group>";
		};
		99C70E0728D87A6C000AE94F /* Preview Content */ = {
			isa = PBXGroup;
			children = (
				99C70E0828D87A6C000AE94F /* Preview Assets.xcassets */,
			);
			path = "Preview Content";
			sourceTree = "<group>";
		};
		99C70E1128D87A6C000AE94F /* ContinuedLearningTests */ = {
			isa = PBXGroup;
			children = (
				99C70E1228D87A6C000AE94F /* ContinuedLearningTests.swift */,
			);
			path = ContinuedLearningTests;
			sourceTree = "<group>";
		};
		99C70E1B28D87A6D000AE94F /* ContinuedLearningUITests */ = {
			isa = PBXGroup;
			children = (
				99C70E1C28D87A6D000AE94F /* ContinuedLearningUITests.swift */,
				99C70E1E28D87A6D000AE94F /* ContinuedLearningUITestsLaunchTests.swift */,
			);
			path = ContinuedLearningUITests;
			sourceTree = "<group>";
		};
/* End PBXGroup section */

/* Begin PBXNativeTarget section */
		99C70DFD28D87A6B000AE94F /* ContinuedLearning */ = {
			isa = PBXNativeTarget;
			buildConfigurationList = 99C70E2228D87A6D000AE94F /* Build configuration list for PBXNativeTarget "ContinuedLearning" */;
			buildPhases = (
				99C70DFA28D87A6B000AE94F /* Sources */,
				99C70DFB28D87A6B000AE94F /* Frameworks */,
				99C70DFC28D87A6B000AE94F /* Resources */,
			);
			buildRules = (
			);
			dependencies = (
			);
			name = ContinuedLearning;
			productName = ContinuedLearning;
			productReference = 99C70DFE28D87A6B000AE94F /* ContinuedLearning.app */;
			productType = "com.apple.product-type.application";
		};
		99C70E0D28D87A6C000AE94F /* ContinuedLearningTests */ = {
			isa = PBXNativeTarget;
			buildConfigurationList = 99C70E2528D87A6D000AE94F /* Build configuration list for PBXNativeTarget "ContinuedLearningTests" */;
			buildPhases = (
				99C70E0A28D87A6C000AE94F /* Sources */,
				99C70E0B28D87A6C000AE94F /* Frameworks */,
				99C70E0C28D87A6C000AE94F /* Resources */,
			);
			buildRules = (
			);
			dependencies = (
				99C70E1028D87A6C000AE94F /* PBXTargetDependency */,
			);
			name = ContinuedLearningTests;
			productName = ContinuedLearningTests;
			productReference = 99C70E0E28D87A6C000AE94F /* ContinuedLearningTests.xctest */;
			productType = "com.apple.product-type.bundle.unit-test";
		};
		99C70E1728D87A6D000AE94F /* ContinuedLearningUITests */ = {
			isa = PBXNativeTarget;
			buildConfigurationList = 99C70E2828D87A6D000AE94F /* Build configuration list for PBXNativeTarget "ContinuedLearningUITests" */;
			buildPhases = (
				99C70E1428D87A6D000AE94F /* Sources */,
				99C70E1528D87A6D000AE94F /* Frameworks */,
				99C70E1628D87A6D000AE94F /* Resources */,
			);
			buildRules = (
			);
			dependencies = (
				99C70E1A28D87A6D000AE94F /* PBXTargetDependency */,
			);
			name = ContinuedLearningUITests;
			productName = ContinuedLearningUITests;
			productReference = 99C70E1828D87A6D000AE94F /* ContinuedLearningUITests.xctest */;
			productType = "com.apple.product-type.bundle.ui-testing";
		};
/* End PBXNativeTarget section */

/* Begin PBXProject section */
		99C70DF628D87A6B000AE94F /* Project object */ = {
			isa = PBXProject;
			attributes = {
				BuildIndependentTargetsInParallel = 1;
				LastSwiftUpdateCheck = 1400;
				LastUpgradeCheck = 1400;
				TargetAttributes = {
					99C70DFD28D87A6B000AE94F = {
						CreatedOnToolsVersion = 14.0;
					};
					99C70E0D28D87A6C000AE94F = {
						CreatedOnToolsVersion = 14.0;
						TestTargetID = 99C70DFD28D87A6B000AE94F;
					};
					99C70E1728D87A6D000AE94F = {
						CreatedOnToolsVersion = 14.0;
						TestTargetID = 99C70DFD28D87A6B000AE94F;
					};
				};
			};
			buildConfigurationList = 99C70DF928D87A6B000AE94F /* Build configuration list for PBXProject "ContinuedLearning" */;
			compatibilityVersion = "Xcode 14.0";
			developmentRegion = en;
			hasScannedForEncodings = 0;
			knownRegions = (
				en,
				Base,
			);
			mainGroup = 99C70DF528D87A6B000AE94F;
			productRefGroup = 99C70DFF28D87A6B000AE94F /* Products */;
			projectDirPath = "";
			projectRoot = "";
			targets = (
				99C70DFD28D87A6B000AE94F /* ContinuedLearning */,
				99C70E0D28D87A6C000AE94F /* ContinuedLearningTests */,
				99C70E1728D87A6D000AE94F /* ContinuedLearningUITests */,
			);
		};
/* End PBXProject section */

/* Begin PBXResourcesBuildPhase section */
		99C70DFC28D87A6B000AE94F /* Resources */ = {
			isa = PBXResourcesBuildPhase;
			buildActionMask = 2147483647;
			files = (
				99C70E0928D87A6C000AE94F /* Preview Assets.xcassets in Resources */,
				99C70E0628D87A6C000AE94F /* Assets.xcassets in Resources */,
			);
			runOnlyForDeploymentPostprocessing = 0;
		};
		99C70E0C28D87A6C000AE94F /* Resources */ = {
			isa = PBXResourcesBuildPhase;
			buildActionMask = 2147483647;
			files = (
			);
			runOnlyForDeploymentPostprocessing = 0;
		};
		99C70E1628D87A6D000AE94F /* Resources */ = {
			isa = PBXResourcesBuildPhase;
			buildActionMask = 2147483647;
			files = (
			);
			runOnlyForDeploymentPostprocessing = 0;
		};
/* End PBXResourcesBuildPhase section */

/* Begin PBXSourcesBuildPhase section */
		99C70DFA28D87A6B000AE94F /* Sources */ = {
			isa = PBXSourcesBuildPhase;
			buildActionMask = 2147483647;
			files = (
				99E57B3528ED6AEC005EDBD7 /* HashableBootcamp.swift in Sources */,
				99BC8AA528E15F1B0086EC63 /* SoundsBootcamp.swift in Sources */,
				99BC8A9B28DDB4E10086EC63 /* DragGestureBootcamp2.swift in Sources */,
				99E57B3928ED774C005EDBD7 /* CoreDataBootcamp.swift in Sources */,
				99BC8AA328E15CFA0086EC63 /* MaskBootcamp.swift in Sources */,
				99BC8A9928DDAAD50086EC63 /* DragGestureBootcamp.swift in Sources */,
				99C70E0428D87A6B000AE94F /* ContentView.swift in Sources */,
				99123C6928F6CC0A0097C4E2 /* CoreDataContainer.xcdatamodeld in Sources */,
				99E57B3728ED6D38005EDBD7 /* ArraysBootcamp.swift in Sources */,
				99E6A3FA29000C7D009A2E86 /* TypealiasBootcamp.swift in Sources */,
				99E57B3328ED343D005EDBD7 /* LocalNotificationBootcamp.swift in Sources */,
				99BC8A9D28DDB9B10086EC63 /* ScrollViewReaderBootcamp.swift in Sources */,
				99BC8AA128E15AA30086EC63 /* MultipleSheetsBootcamp.swift in Sources */,
				99E6A3F8290008DB009A2E86 /* WeakSelfBootcamp.swift in Sources */,
				99C70E0228D87A6B000AE94F /* ContinuedLearningApp.swift in Sources */,
				99BC8A9528DDA7B00086EC63 /* MagnificationGestureBootcamp.swift in Sources */,
				99E6A3F629000416009A2E86 /* BackgroundThreadBootcamp.swift in Sources */,
				99BC8A9F28DDBE980086EC63 /* GeometryReaderBootcamp.swift in Sources */,
				9914995528EC0D4E0025B7B4 /* HapticsBootcamp.swift in Sources */,
				99123C6628F6CAB30097C4E2 /* CoreDataRelationshipsBootcamp.swift in Sources */,
				99E6A3FC29000F3A009A2E86 /* EscapingBootcamp.swift in Sources */,
				99C70E2C28D87A90000AE94F /* LongPressGestureBootcamp.swift in Sources */,
				99BC8A9728DDA9DA0086EC63 /* RotationGestureBootcamp.swift in Sources */,
			);
			runOnlyForDeploymentPostprocessing = 0;
		};
		99C70E0A28D87A6C000AE94F /* Sources */ = {
			isa = PBXSourcesBuildPhase;
			buildActionMask = 2147483647;
			files = (
				99C70E1328D87A6C000AE94F /* ContinuedLearningTests.swift in Sources */,
			);
			runOnlyForDeploymentPostprocessing = 0;
		};
		99C70E1428D87A6D000AE94F /* Sources */ = {
			isa = PBXSourcesBuildPhase;
			buildActionMask = 2147483647;
			files = (
				99C70E1F28D87A6D000AE94F /* ContinuedLearningUITestsLaunchTests.swift in Sources */,
				99C70E1D28D87A6D000AE94F /* ContinuedLearningUITests.swift in Sources */,
			);
			runOnlyForDeploymentPostprocessing = 0;
		};
/* End PBXSourcesBuildPhase section */

/* Begin PBXTargetDependency section */
		99C70E1028D87A6C000AE94F /* PBXTargetDependency */ = {
			isa = PBXTargetDependency;
			target = 99C70DFD28D87A6B000AE94F /* ContinuedLearning */;
			targetProxy = 99C70E0F28D87A6C000AE94F /* PBXContainerItemProxy */;
		};
		99C70E1A28D87A6D000AE94F /* PBXTargetDependency */ = {
			isa = PBXTargetDependency;
			target = 99C70DFD28D87A6B000AE94F /* ContinuedLearning */;
			targetProxy = 99C70E1928D87A6D000AE94F /* PBXContainerItemProxy */;
		};
/* End PBXTargetDependency section */

/* Begin XCBuildConfiguration section */
		99C70E2028D87A6D000AE94F /* Debug */ = {
			isa = XCBuildConfiguration;
			buildSettings = {
				ALWAYS_SEARCH_USER_PATHS = NO;
				CLANG_ANALYZER_NONNULL = YES;
				CLANG_ANALYZER_NUMBER_OBJECT_CONVERSION = YES_AGGRESSIVE;
				CLANG_CXX_LANGUAGE_STANDARD = "gnu++20";
				CLANG_ENABLE_MODULES = YES;
				CLANG_ENABLE_OBJC_ARC = YES;
				CLANG_ENABLE_OBJC_WEAK = YES;
				CLANG_WARN_BLOCK_CAPTURE_AUTORELEASING = YES;
				CLANG_WARN_BOOL_CONVERSION = YES;
				CLANG_WARN_COMMA = YES;
				CLANG_WARN_CONSTANT_CONVERSION = YES;
				CLANG_WARN_DEPRECATED_OBJC_IMPLEMENTATIONS = YES;
				CLANG_WARN_DIRECT_OBJC_ISA_USAGE = YES_ERROR;
				CLANG_WARN_DOCUMENTATION_COMMENTS = YES;
				CLANG_WARN_EMPTY_BODY = YES;
				CLANG_WARN_ENUM_CONVERSION = YES;
				CLANG_WARN_INFINITE_RECURSION = YES;
				CLANG_WARN_INT_CONVERSION = YES;
				CLANG_WARN_NON_LITERAL_NULL_CONVERSION = YES;
				CLANG_WARN_OBJC_IMPLICIT_RETAIN_SELF = YES;
				CLANG_WARN_OBJC_LITERAL_CONVERSION = YES;
				CLANG_WARN_OBJC_ROOT_CLASS = YES_ERROR;
				CLANG_WARN_QUOTED_INCLUDE_IN_FRAMEWORK_HEADER = YES;
				CLANG_WARN_RANGE_LOOP_ANALYSIS = YES;
				CLANG_WARN_STRICT_PROTOTYPES = YES;
				CLANG_WARN_SUSPICIOUS_MOVE = YES;
				CLANG_WARN_UNGUARDED_AVAILABILITY = YES_AGGRESSIVE;
				CLANG_WARN_UNREACHABLE_CODE = YES;
				CLANG_WARN__DUPLICATE_METHOD_MATCH = YES;
				COPY_PHASE_STRIP = NO;
				DEBUG_INFORMATION_FORMAT = dwarf;
				ENABLE_STRICT_OBJC_MSGSEND = YES;
				ENABLE_TESTABILITY = YES;
				GCC_C_LANGUAGE_STANDARD = gnu11;
				GCC_DYNAMIC_NO_PIC = NO;
				GCC_NO_COMMON_BLOCKS = YES;
				GCC_OPTIMIZATION_LEVEL = 0;
				GCC_PREPROCESSOR_DEFINITIONS = (
					"DEBUG=1",
					"$(inherited)",
				);
				GCC_WARN_64_TO_32_BIT_CONVERSION = YES;
				GCC_WARN_ABOUT_RETURN_TYPE = YES_ERROR;
				GCC_WARN_UNDECLARED_SELECTOR = YES;
				GCC_WARN_UNINITIALIZED_AUTOS = YES_AGGRESSIVE;
				GCC_WARN_UNUSED_FUNCTION = YES;
				GCC_WARN_UNUSED_VARIABLE = YES;
				IPHONEOS_DEPLOYMENT_TARGET = 16.0;
				MTL_ENABLE_DEBUG_INFO = INCLUDE_SOURCE;
				MTL_FAST_MATH = YES;
				ONLY_ACTIVE_ARCH = YES;
				SDKROOT = iphoneos;
				SWIFT_ACTIVE_COMPILATION_CONDITIONS = DEBUG;
				SWIFT_OPTIMIZATION_LEVEL = "-Onone";
			};
			name = Debug;
		};
		99C70E2128D87A6D000AE94F /* Release */ = {
			isa = XCBuildConfiguration;
			buildSettings = {
				ALWAYS_SEARCH_USER_PATHS = NO;
				CLANG_ANALYZER_NONNULL = YES;
				CLANG_ANALYZER_NUMBER_OBJECT_CONVERSION = YES_AGGRESSIVE;
				CLANG_CXX_LANGUAGE_STANDARD = "gnu++20";
				CLANG_ENABLE_MODULES = YES;
				CLANG_ENABLE_OBJC_ARC = YES;
				CLANG_ENABLE_OBJC_WEAK = YES;
				CLANG_WARN_BLOCK_CAPTURE_AUTORELEASING = YES;
				CLANG_WARN_BOOL_CONVERSION = YES;
				CLANG_WARN_COMMA = YES;
				CLANG_WARN_CONSTANT_CONVERSION = YES;
				CLANG_WARN_DEPRECATED_OBJC_IMPLEMENTATIONS = YES;
				CLANG_WARN_DIRECT_OBJC_ISA_USAGE = YES_ERROR;
				CLANG_WARN_DOCUMENTATION_COMMENTS = YES;
				CLANG_WARN_EMPTY_BODY = YES;
				CLANG_WARN_ENUM_CONVERSION = YES;
				CLANG_WARN_INFINITE_RECURSION = YES;
				CLANG_WARN_INT_CONVERSION = YES;
				CLANG_WARN_NON_LITERAL_NULL_CONVERSION = YES;
				CLANG_WARN_OBJC_IMPLICIT_RETAIN_SELF = YES;
				CLANG_WARN_OBJC_LITERAL_CONVERSION = YES;
				CLANG_WARN_OBJC_ROOT_CLASS = YES_ERROR;
				CLANG_WARN_QUOTED_INCLUDE_IN_FRAMEWORK_HEADER = YES;
				CLANG_WARN_RANGE_LOOP_ANALYSIS = YES;
				CLANG_WARN_STRICT_PROTOTYPES = YES;
				CLANG_WARN_SUSPICIOUS_MOVE = YES;
				CLANG_WARN_UNGUARDED_AVAILABILITY = YES_AGGRESSIVE;
				CLANG_WARN_UNREACHABLE_CODE = YES;
				CLANG_WARN__DUPLICATE_METHOD_MATCH = YES;
				COPY_PHASE_STRIP = NO;
				DEBUG_INFORMATION_FORMAT = "dwarf-with-dsym";
				ENABLE_NS_ASSERTIONS = NO;
				ENABLE_STRICT_OBJC_MSGSEND = YES;
				GCC_C_LANGUAGE_STANDARD = gnu11;
				GCC_NO_COMMON_BLOCKS = YES;
				GCC_WARN_64_TO_32_BIT_CONVERSION = YES;
				GCC_WARN_ABOUT_RETURN_TYPE = YES_ERROR;
				GCC_WARN_UNDECLARED_SELECTOR = YES;
				GCC_WARN_UNINITIALIZED_AUTOS = YES_AGGRESSIVE;
				GCC_WARN_UNUSED_FUNCTION = YES;
				GCC_WARN_UNUSED_VARIABLE = YES;
				IPHONEOS_DEPLOYMENT_TARGET = 16.0;
				MTL_ENABLE_DEBUG_INFO = NO;
				MTL_FAST_MATH = YES;
				SDKROOT = iphoneos;
				SWIFT_COMPILATION_MODE = wholemodule;
				SWIFT_OPTIMIZATION_LEVEL = "-O";
				VALIDATE_PRODUCT = YES;
			};
			name = Release;
		};
		99C70E2328D87A6D000AE94F /* Debug */ = {
			isa = XCBuildConfiguration;
			buildSettings = {
				ASSETCATALOG_COMPILER_APPICON_NAME = AppIcon;
				ASSETCATALOG_COMPILER_GLOBAL_ACCENT_COLOR_NAME = AccentColor;
				CODE_SIGN_STYLE = Automatic;
				CURRENT_PROJECT_VERSION = 1;
				DEVELOPMENT_ASSET_PATHS = "\"ContinuedLearning/Preview Content\"";
				DEVELOPMENT_TEAM = J656YW84SV;
				ENABLE_PREVIEWS = YES;
				GENERATE_INFOPLIST_FILE = YES;
				INFOPLIST_KEY_UIApplicationSceneManifest_Generation = YES;
				INFOPLIST_KEY_UIApplicationSupportsIndirectInputEvents = YES;
				INFOPLIST_KEY_UILaunchScreen_Generation = YES;
				INFOPLIST_KEY_UISupportedInterfaceOrientations_iPad = "UIInterfaceOrientationPortrait UIInterfaceOrientationPortraitUpsideDown UIInterfaceOrientationLandscapeLeft UIInterfaceOrientationLandscapeRight";
				INFOPLIST_KEY_UISupportedInterfaceOrientations_iPhone = "UIInterfaceOrientationPortrait UIInterfaceOrientationLandscapeLeft UIInterfaceOrientationLandscapeRight";
				LD_RUNPATH_SEARCH_PATHS = (
					"$(inherited)",
					"@executable_path/Frameworks",
				);
				MARKETING_VERSION = 1.0;
				PRODUCT_BUNDLE_IDENTIFIER = com.chidung.ContinuedLearning;
				PRODUCT_NAME = "$(TARGET_NAME)";
				SWIFT_EMIT_LOC_STRINGS = YES;
				SWIFT_VERSION = 5.0;
				TARGETED_DEVICE_FAMILY = "1,2";
			};
			name = Debug;
		};
		99C70E2428D87A6D000AE94F /* Release */ = {
			isa = XCBuildConfiguration;
			buildSettings = {
				ASSETCATALOG_COMPILER_APPICON_NAME = AppIcon;
				ASSETCATALOG_COMPILER_GLOBAL_ACCENT_COLOR_NAME = AccentColor;
				CODE_SIGN_STYLE = Automatic;
				CURRENT_PROJECT_VERSION = 1;
				DEVELOPMENT_ASSET_PATHS = "\"ContinuedLearning/Preview Content\"";
				DEVELOPMENT_TEAM = J656YW84SV;
				ENABLE_PREVIEWS = YES;
				GENERATE_INFOPLIST_FILE = YES;
				INFOPLIST_KEY_UIApplicationSceneManifest_Generation = YES;
				INFOPLIST_KEY_UIApplicationSupportsIndirectInputEvents = YES;
				INFOPLIST_KEY_UILaunchScreen_Generation = YES;
				INFOPLIST_KEY_UISupportedInterfaceOrientations_iPad = "UIInterfaceOrientationPortrait UIInterfaceOrientationPortraitUpsideDown UIInterfaceOrientationLandscapeLeft UIInterfaceOrientationLandscapeRight";
				INFOPLIST_KEY_UISupportedInterfaceOrientations_iPhone = "UIInterfaceOrientationPortrait UIInterfaceOrientationLandscapeLeft UIInterfaceOrientationLandscapeRight";
				LD_RUNPATH_SEARCH_PATHS = (
					"$(inherited)",
					"@executable_path/Frameworks",
				);
				MARKETING_VERSION = 1.0;
				PRODUCT_BUNDLE_IDENTIFIER = com.chidung.ContinuedLearning;
				PRODUCT_NAME = "$(TARGET_NAME)";
				SWIFT_EMIT_LOC_STRINGS = YES;
				SWIFT_VERSION = 5.0;
				TARGETED_DEVICE_FAMILY = "1,2";
			};
			name = Release;
		};
		99C70E2628D87A6D000AE94F /* Debug */ = {
			isa = XCBuildConfiguration;
			buildSettings = {
				ALWAYS_EMBED_SWIFT_STANDARD_LIBRARIES = YES;
				BUNDLE_LOADER = "$(TEST_HOST)";
				CODE_SIGN_STYLE = Automatic;
				CURRENT_PROJECT_VERSION = 1;
				DEVELOPMENT_TEAM = J656YW84SV;
				GENERATE_INFOPLIST_FILE = YES;
				IPHONEOS_DEPLOYMENT_TARGET = 16.0;
				MARKETING_VERSION = 1.0;
				PRODUCT_BUNDLE_IDENTIFIER = com.chidung.ContinuedLearningTests;
				PRODUCT_NAME = "$(TARGET_NAME)";
				SWIFT_EMIT_LOC_STRINGS = NO;
				SWIFT_VERSION = 5.0;
				TARGETED_DEVICE_FAMILY = "1,2";
				TEST_HOST = "$(BUILT_PRODUCTS_DIR)/ContinuedLearning.app/$(BUNDLE_EXECUTABLE_FOLDER_PATH)/ContinuedLearning";
			};
			name = Debug;
		};
		99C70E2728D87A6D000AE94F /* Release */ = {
			isa = XCBuildConfiguration;
			buildSettings = {
				ALWAYS_EMBED_SWIFT_STANDARD_LIBRARIES = YES;
				BUNDLE_LOADER = "$(TEST_HOST)";
				CODE_SIGN_STYLE = Automatic;
				CURRENT_PROJECT_VERSION = 1;
				DEVELOPMENT_TEAM = J656YW84SV;
				GENERATE_INFOPLIST_FILE = YES;
				IPHONEOS_DEPLOYMENT_TARGET = 16.0;
				MARKETING_VERSION = 1.0;
				PRODUCT_BUNDLE_IDENTIFIER = com.chidung.ContinuedLearningTests;
				PRODUCT_NAME = "$(TARGET_NAME)";
				SWIFT_EMIT_LOC_STRINGS = NO;
				SWIFT_VERSION = 5.0;
				TARGETED_DEVICE_FAMILY = "1,2";
				TEST_HOST = "$(BUILT_PRODUCTS_DIR)/ContinuedLearning.app/$(BUNDLE_EXECUTABLE_FOLDER_PATH)/ContinuedLearning";
			};
			name = Release;
		};
		99C70E2928D87A6D000AE94F /* Debug */ = {
			isa = XCBuildConfiguration;
			buildSettings = {
				ALWAYS_EMBED_SWIFT_STANDARD_LIBRARIES = YES;
				CODE_SIGN_STYLE = Automatic;
				CURRENT_PROJECT_VERSION = 1;
				DEVELOPMENT_TEAM = J656YW84SV;
				GENERATE_INFOPLIST_FILE = YES;
				MARKETING_VERSION = 1.0;
				PRODUCT_BUNDLE_IDENTIFIER = com.chidung.ContinuedLearningUITests;
				PRODUCT_NAME = "$(TARGET_NAME)";
				SWIFT_EMIT_LOC_STRINGS = NO;
				SWIFT_VERSION = 5.0;
				TARGETED_DEVICE_FAMILY = "1,2";
				TEST_TARGET_NAME = ContinuedLearning;
			};
			name = Debug;
		};
		99C70E2A28D87A6D000AE94F /* Release */ = {
			isa = XCBuildConfiguration;
			buildSettings = {
				ALWAYS_EMBED_SWIFT_STANDARD_LIBRARIES = YES;
				CODE_SIGN_STYLE = Automatic;
				CURRENT_PROJECT_VERSION = 1;
				DEVELOPMENT_TEAM = J656YW84SV;
				GENERATE_INFOPLIST_FILE = YES;
				MARKETING_VERSION = 1.0;
				PRODUCT_BUNDLE_IDENTIFIER = com.chidung.ContinuedLearningUITests;
				PRODUCT_NAME = "$(TARGET_NAME)";
				SWIFT_EMIT_LOC_STRINGS = NO;
				SWIFT_VERSION = 5.0;
				TARGETED_DEVICE_FAMILY = "1,2";
				TEST_TARGET_NAME = ContinuedLearning;
			};
			name = Release;
		};
/* End XCBuildConfiguration section */

/* Begin XCConfigurationList section */
		99C70DF928D87A6B000AE94F /* Build configuration list for PBXProject "ContinuedLearning" */ = {
			isa = XCConfigurationList;
			buildConfigurations = (
				99C70E2028D87A6D000AE94F /* Debug */,
				99C70E2128D87A6D000AE94F /* Release */,
			);
			defaultConfigurationIsVisible = 0;
			defaultConfigurationName = Release;
		};
		99C70E2228D87A6D000AE94F /* Build configuration list for PBXNativeTarget "ContinuedLearning" */ = {
			isa = XCConfigurationList;
			buildConfigurations = (
				99C70E2328D87A6D000AE94F /* Debug */,
				99C70E2428D87A6D000AE94F /* Release */,
			);
			defaultConfigurationIsVisible = 0;
			defaultConfigurationName = Release;
		};
		99C70E2528D87A6D000AE94F /* Build configuration list for PBXNativeTarget "ContinuedLearningTests" */ = {
			isa = XCConfigurationList;
			buildConfigurations = (
				99C70E2628D87A6D000AE94F /* Debug */,
				99C70E2728D87A6D000AE94F /* Release */,
			);
			defaultConfigurationIsVisible = 0;
			defaultConfigurationName = Release;
		};
		99C70E2828D87A6D000AE94F /* Build configuration list for PBXNativeTarget "ContinuedLearningUITests" */ = {
			isa = XCConfigurationList;
			buildConfigurations = (
				99C70E2928D87A6D000AE94F /* Debug */,
				99C70E2A28D87A6D000AE94F /* Release */,
			);
			defaultConfigurationIsVisible = 0;
			defaultConfigurationName = Release;
		};
/* End XCConfigurationList section */

/* Begin XCVersionGroup section */
		99123C6728F6CC0A0097C4E2 /* CoreDataContainer.xcdatamodeld */ = {
			isa = XCVersionGroup;
			children = (
				99123C6828F6CC0A0097C4E2 /* CoreDataContainer.xcdatamodel */,
			);
			currentVersion = 99123C6828F6CC0A0097C4E2 /* CoreDataContainer.xcdatamodel */;
			path = CoreDataContainer.xcdatamodeld;
			sourceTree = "<group>";
			versionGroupType = wrapper.xcdatamodel;
		};
/* End XCVersionGroup section */
	};
	rootObject = 99C70DF628D87A6B000AE94F /* Project object */;
}
